
Microsoft Visual Studio Solution File, Format Version 12.00
Project("{FAE04EC0-301F-11D3-BF4B-00C04F79EFBC}") = "Common", "Common\Common.csproj", "{25FD620B-067D-4A86-93EA-75E87CBC42C0}"
EndProject
Project("{FAE04EC0-301F-11D3-BF4B-00C04F79EFBC}") = "Domain", "Domain\Domain.csproj", "{717C5E05-E298-4659-A04A-1C1EF608658D}"
EndProject
Project("{FAE04EC0-301F-11D3-BF4B-00C04F79EFBC}") = "Tests", "Tests\Tests.csproj", "{1E314140-B686-416A-B456-7DE278910DB9}"
EndProject
Project("{FAE04EC0-301F-11D3-BF4B-00C04F79EFBC}") = "Ports", "Ports\Ports.csproj", "{D61DEABA-0D3C-434C-9EC1-5E56B860CE10}"
EndProject
Project("{2150E333-8FDC-42A3-9474-1A3956D46DE8}") = "Adapters", "Adapters", "{DD8DC3BF-CDFA-4CF7-AC84-E42947C4AB44}"
EndProject
Project("{FAE04EC0-301F-11D3-BF4B-00C04F79EFBC}") = "InMemory", "InMemory\InMemory.csproj", "{77542D59-B757-4601-B21D-6E97DB306568}"
EndProject
Project("{FAE04EC0-301F-11D3-BF4B-00C04F79EFBC}") = "WebApp", "WebApp\WebApp.csproj", "{BD610E8A-83BE-47D3-927C-4C52F140F2CF}"
EndProject
Project("{FAE04EC0-301F-11D3-BF4B-00C04F79EFBC}") = "DomainServices", "DomainServices\DomainServices.csproj", "{3A86BC56-3F76-44C1-BF85-B9AC4F3C749E}"
EndProject
Project("{FAE04EC0-301F-11D3-BF4B-00C04F79EFBC}") = "AutofacMessageBus", "AutofacMessageBus\AutofacMessageBus.csproj", "{92DD149E-FDD5-4147-A266-071635E5D23C}"
EndProject
Project("{FAE04EC0-301F-11D3-BF4B-00C04F79EFBC}") = "AutofacApplicationWrapUp", "AutofacApplicationWrapUp\AutofacApplicationWrapUp.csproj", "{55FCBDF9-02EE-484A-BE4C-5C646E687809}"
EndProject
Project("{FAE04EC0-301F-11D3-BF4B-00C04F79EFBC}") = "CommonServices", "CommonServices\CommonServices.csproj", "{BED0A887-1062-4E3B-83D5-C862B115A9C8}"
EndProject
Project("{FAE04EC0-301F-11D3-BF4B-00C04F79EFBC}") = "MongoDbEventStore", "MongoDbEventStore\MongoDbEventStore.csproj", "{EFE50A30-B8DC-4E99-92DF-15DC00837414}"
EndProject
Project("{FAE04EC0-301F-11D3-BF4B-00C04F79EFBC}") = "RabbitMqMessageBus", "RabbitMqMessageBus\RabbitMqMessageBus.csproj", "{89B02205-E028-4E9C-85AD-DD4B0F5F6428}"
EndProject
Global
	GlobalSection(SolutionConfigurationPlatforms) = preSolution
		Debug|Any CPU = Debug|Any CPU
		Release|Any CPU = Release|Any CPU
	EndGlobalSection
	GlobalSection(ProjectConfigurationPlatforms) = postSolution
		{25FD620B-067D-4A86-93EA-75E87CBC42C0}.Debug|Any CPU.ActiveCfg = Debug|Any CPU
		{25FD620B-067D-4A86-93EA-75E87CBC42C0}.Debug|Any CPU.Build.0 = Debug|Any CPU
		{25FD620B-067D-4A86-93EA-75E87CBC42C0}.Release|Any CPU.ActiveCfg = Release|Any CPU
		{25FD620B-067D-4A86-93EA-75E87CBC42C0}.Release|Any CPU.Build.0 = Release|Any CPU
		{717C5E05-E298-4659-A04A-1C1EF608658D}.Debug|Any CPU.ActiveCfg = Debug|Any CPU
		{717C5E05-E298-4659-A04A-1C1EF608658D}.Debug|Any CPU.Build.0 = Debug|Any CPU
		{717C5E05-E298-4659-A04A-1C1EF608658D}.Release|Any CPU.ActiveCfg = Release|Any CPU
		{717C5E05-E298-4659-A04A-1C1EF608658D}.Release|Any CPU.Build.0 = Release|Any CPU
		{1E314140-B686-416A-B456-7DE278910DB9}.Debug|Any CPU.ActiveCfg = Debug|Any CPU
		{1E314140-B686-416A-B456-7DE278910DB9}.Debug|Any CPU.Build.0 = Debug|Any CPU
		{1E314140-B686-416A-B456-7DE278910DB9}.Release|Any CPU.ActiveCfg = Release|Any CPU
		{1E314140-B686-416A-B456-7DE278910DB9}.Release|Any CPU.Build.0 = Release|Any CPU
		{D61DEABA-0D3C-434C-9EC1-5E56B860CE10}.Debug|Any CPU.ActiveCfg = Debug|Any CPU
		{D61DEABA-0D3C-434C-9EC1-5E56B860CE10}.Debug|Any CPU.Build.0 = Debug|Any CPU
		{D61DEABA-0D3C-434C-9EC1-5E56B860CE10}.Release|Any CPU.ActiveCfg = Release|Any CPU
		{D61DEABA-0D3C-434C-9EC1-5E56B860CE10}.Release|Any CPU.Build.0 = Release|Any CPU
		{77542D59-B757-4601-B21D-6E97DB306568}.Debug|Any CPU.ActiveCfg = Debug|Any CPU
		{77542D59-B757-4601-B21D-6E97DB306568}.Debug|Any CPU.Build.0 = Debug|Any CPU
		{77542D59-B757-4601-B21D-6E97DB306568}.Release|Any CPU.ActiveCfg = Release|Any CPU
		{77542D59-B757-4601-B21D-6E97DB306568}.Release|Any CPU.Build.0 = Release|Any CPU
		{BD610E8A-83BE-47D3-927C-4C52F140F2CF}.Debug|Any CPU.ActiveCfg = Debug|Any CPU
		{BD610E8A-83BE-47D3-927C-4C52F140F2CF}.Debug|Any CPU.Build.0 = Debug|Any CPU
		{BD610E8A-83BE-47D3-927C-4C52F140F2CF}.Release|Any CPU.ActiveCfg = Release|Any CPU
		{BD610E8A-83BE-47D3-927C-4C52F140F2CF}.Release|Any CPU.Build.0 = Release|Any CPU
		{3A86BC56-3F76-44C1-BF85-B9AC4F3C749E}.Debug|Any CPU.ActiveCfg = Debug|Any CPU
		{3A86BC56-3F76-44C1-BF85-B9AC4F3C749E}.Debug|Any CPU.Build.0 = Debug|Any CPU
		{3A86BC56-3F76-44C1-BF85-B9AC4F3C749E}.Release|Any CPU.ActiveCfg = Release|Any CPU
		{3A86BC56-3F76-44C1-BF85-B9AC4F3C749E}.Release|Any CPU.Build.0 = Release|Any CPU
		{92DD149E-FDD5-4147-A266-071635E5D23C}.Debug|Any CPU.ActiveCfg = Debug|Any CPU
		{92DD149E-FDD5-4147-A266-071635E5D23C}.Debug|Any CPU.Build.0 = Debug|Any CPU
		{92DD149E-FDD5-4147-A266-071635E5D23C}.Release|Any CPU.ActiveCfg = Release|Any CPU
		{92DD149E-FDD5-4147-A266-071635E5D23C}.Release|Any CPU.Build.0 = Release|Any CPU
		{55FCBDF9-02EE-484A-BE4C-5C646E687809}.Debug|Any CPU.ActiveCfg = Debug|Any CPU
		{55FCBDF9-02EE-484A-BE4C-5C646E687809}.Debug|Any CPU.Build.0 = Debug|Any CPU
		{55FCBDF9-02EE-484A-BE4C-5C646E687809}.Release|Any CPU.ActiveCfg = Release|Any CPU
		{55FCBDF9-02EE-484A-BE4C-5C646E687809}.Release|Any CPU.Build.0 = Release|Any CPU
		{BED0A887-1062-4E3B-83D5-C862B115A9C8}.Debug|Any CPU.ActiveCfg = Debug|Any CPU
		{BED0A887-1062-4E3B-83D5-C862B115A9C8}.Debug|Any CPU.Build.0 = Debug|Any CPU
		{BED0A887-1062-4E3B-83D5-C862B115A9C8}.Release|Any CPU.ActiveCfg = Release|Any CPU
		{BED0A887-1062-4E3B-83D5-C862B115A9C8}.Release|Any CPU.Build.0 = Release|Any CPU
		{EFE50A30-B8DC-4E99-92DF-15DC00837414}.Debug|Any CPU.ActiveCfg = Debug|Any CPU
		{EFE50A30-B8DC-4E99-92DF-15DC00837414}.Debug|Any CPU.Build.0 = Debug|Any CPU
		{EFE50A30-B8DC-4E99-92DF-15DC00837414}.Release|Any CPU.ActiveCfg = Release|Any CPU
		{EFE50A30-B8DC-4E99-92DF-15DC00837414}.Release|Any CPU.Build.0 = Release|Any CPU
		{89B02205-E028-4E9C-85AD-DD4B0F5F6428}.Debug|Any CPU.ActiveCfg = Debug|Any CPU
		{89B02205-E028-4E9C-85AD-DD4B0F5F6428}.Debug|Any CPU.Build.0 = Debug|Any CPU
		{89B02205-E028-4E9C-85AD-DD4B0F5F6428}.Release|Any CPU.ActiveCfg = Release|Any CPU
		{89B02205-E028-4E9C-85AD-DD4B0F5F6428}.Release|Any CPU.Build.0 = Release|Any CPU
	EndGlobalSection
	GlobalSection(NestedProjects) = preSolution
		{77542D59-B757-4601-B21D-6E97DB306568} = {DD8DC3BF-CDFA-4CF7-AC84-E42947C4AB44}
		{92DD149E-FDD5-4147-A266-071635E5D23C} = {DD8DC3BF-CDFA-4CF7-AC84-E42947C4AB44}
		{EFE50A30-B8DC-4E99-92DF-15DC00837414} = {DD8DC3BF-CDFA-4CF7-AC84-E42947C4AB44}
		{89B02205-E028-4E9C-85AD-DD4B0F5F6428} = {DD8DC3BF-CDFA-4CF7-AC84-E42947C4AB44}
	EndGlobalSection
EndGlobal
