
Microsoft Visual Studio Solution File, Format Version 12.00
Project("{FAE04EC0-301F-11D3-BF4B-00C04F79EFBC}") = "Common", "CommandSide\Common\Common.csproj", "{25FD620B-067D-4A86-93EA-75E87CBC42C0}"
EndProject
Project("{FAE04EC0-301F-11D3-BF4B-00C04F79EFBC}") = "Domain", "CommandSide\Domain\Domain.csproj", "{717C5E05-E298-4659-A04A-1C1EF608658D}"
EndProject
Project("{FAE04EC0-301F-11D3-BF4B-00C04F79EFBC}") = "Tests", "CommandSide\Tests\Tests.csproj", "{1E314140-B686-416A-B456-7DE278910DB9}"
EndProject
Project("{FAE04EC0-301F-11D3-BF4B-00C04F79EFBC}") = "Ports", "CommandSide\Ports\Ports.csproj", "{D61DEABA-0D3C-434C-9EC1-5E56B860CE10}"
EndProject
Project("{2150E333-8FDC-42A3-9474-1A3956D46DE8}") = "Adapters", "CommandSide\Adapters", "{DD8DC3BF-CDFA-4CF7-AC84-E42947C4AB44}"
EndProject
Project("{FAE04EC0-301F-11D3-BF4B-00C04F79EFBC}") = "InMemory", "CommandSide\Adapters\InMemory\InMemory.csproj", "{77542D59-B757-4601-B21D-6E97DB306568}"
EndProject
Project("{FAE04EC0-301F-11D3-BF4B-00C04F79EFBC}") = "WebApp", "CommandSide\WebApp\WebApp.csproj", "{BD610E8A-83BE-47D3-927C-4C52F140F2CF}"
EndProject
Project("{FAE04EC0-301F-11D3-BF4B-00C04F79EFBC}") = "DomainServices", "CommandSide\DomainServices\DomainServices.csproj", "{3A86BC56-3F76-44C1-BF85-B9AC4F3C749E}"
EndProject
Project("{FAE04EC0-301F-11D3-BF4B-00C04F79EFBC}") = "AutofacMessageBus", "CommandSide\Adapters\AutofacMessageBus\AutofacMessageBus.csproj", "{92DD149E-FDD5-4147-A266-071635E5D23C}"
EndProject
Project("{FAE04EC0-301F-11D3-BF4B-00C04F79EFBC}") = "AutofacApplicationWrapUp", "CommandSide\AutofacApplicationWrapUp\AutofacApplicationWrapUp.csproj", "{55FCBDF9-02EE-484A-BE4C-5C646E687809}"
EndProject
Project("{FAE04EC0-301F-11D3-BF4B-00C04F79EFBC}") = "MongoDbEventStore", "CommandSide\Adapters\MongoDbEventStore\MongoDbEventStore.csproj", "{EFE50A30-B8DC-4E99-92DF-15DC00837414}"
EndProject
Project("{FAE04EC0-301F-11D3-BF4B-00C04F79EFBC}") = "RabbitMqMessageBus", "CommandSide\Adapters\RabbitMqMessageBus\RabbitMqMessageBus.csproj", "{89B02205-E028-4E9C-85AD-DD4B0F5F6428}"
EndProject
Project("{2150E333-8FDC-42A3-9474-1A3956D46DE8}") = "CommandSide", "CommandSide", "{4A246EC8-AE04-4DBE-8AFE-E3D6C767C5C4}"
EndProject
Project("{2150E333-8FDC-42A3-9474-1A3956D46DE8}") = "QuerySide", "QuerySide", "{EC4C1DB9-2120-4C63-A768-DD6DDB1028A7}"
EndProject
Project("{FAE04EC0-301F-11D3-BF4B-00C04F79EFBC}") = "Shared.Aggregate.Student", "Shared.Aggregate.Student\Shared.Aggregate.Student.csproj", "{236AB755-3E7D-4226-89BC-D3E5B91EEADD}"
EndProject
Project("{FAE04EC0-301F-11D3-BF4B-00C04F79EFBC}") = "EventPrinter", "QuerySide\EventPrinter\EventPrinter.csproj", "{BB81181A-AD98-43D3-9F38-8BDE61A3AE5D}"
EndProject
Project("{FAE04EC0-301F-11D3-BF4B-00C04F79EFBC}") = "Ports", "QuerySide\Ports\Ports.csproj", "{0E35DCF4-3DAF-4503-BC3F-C18DF539F2CA}"
EndProject
Project("{FAE04EC0-301F-11D3-BF4B-00C04F79EFBC}") = "RabbitMqAdapter", "QuerySide\RabbitMqAdapter\RabbitMqAdapter.csproj", "{8B06ED57-4923-46F4-878E-C3F8D985C0E1}"
EndProject
Project("{FAE04EC0-301F-11D3-BF4B-00C04F79EFBC}") = "QueryCommon", "QuerySide\QueryCommon\QueryCommon.csproj", "{2BEF89A3-B8C3-46F4-A00B-E2046C09396B}"
EndProject
Global
	GlobalSection(SolutionConfigurationPlatforms) = preSolution
		Debug|Any CPU = Debug|Any CPU
		Release|Any CPU = Release|Any CPU
	EndGlobalSection
	GlobalSection(ProjectConfigurationPlatforms) = postSolution
		{25FD620B-067D-4A86-93EA-75E87CBC42C0}.Debug|Any CPU.ActiveCfg = Debug|Any CPU
		{25FD620B-067D-4A86-93EA-75E87CBC42C0}.Debug|Any CPU.Build.0 = Debug|Any CPU
		{25FD620B-067D-4A86-93EA-75E87CBC42C0}.Release|Any CPU.ActiveCfg = Release|Any CPU
		{25FD620B-067D-4A86-93EA-75E87CBC42C0}.Release|Any CPU.Build.0 = Release|Any CPU
		{717C5E05-E298-4659-A04A-1C1EF608658D}.Debug|Any CPU.ActiveCfg = Debug|Any CPU
		{717C5E05-E298-4659-A04A-1C1EF608658D}.Debug|Any CPU.Build.0 = Debug|Any CPU
		{717C5E05-E298-4659-A04A-1C1EF608658D}.Release|Any CPU.ActiveCfg = Release|Any CPU
		{717C5E05-E298-4659-A04A-1C1EF608658D}.Release|Any CPU.Build.0 = Release|Any CPU
		{1E314140-B686-416A-B456-7DE278910DB9}.Debug|Any CPU.ActiveCfg = Debug|Any CPU
		{1E314140-B686-416A-B456-7DE278910DB9}.Debug|Any CPU.Build.0 = Debug|Any CPU
		{1E314140-B686-416A-B456-7DE278910DB9}.Release|Any CPU.ActiveCfg = Release|Any CPU
		{1E314140-B686-416A-B456-7DE278910DB9}.Release|Any CPU.Build.0 = Release|Any CPU
		{D61DEABA-0D3C-434C-9EC1-5E56B860CE10}.Debug|Any CPU.ActiveCfg = Debug|Any CPU
		{D61DEABA-0D3C-434C-9EC1-5E56B860CE10}.Debug|Any CPU.Build.0 = Debug|Any CPU
		{D61DEABA-0D3C-434C-9EC1-5E56B860CE10}.Release|Any CPU.ActiveCfg = Release|Any CPU
		{D61DEABA-0D3C-434C-9EC1-5E56B860CE10}.Release|Any CPU.Build.0 = Release|Any CPU
		{77542D59-B757-4601-B21D-6E97DB306568}.Debug|Any CPU.ActiveCfg = Debug|Any CPU
		{77542D59-B757-4601-B21D-6E97DB306568}.Debug|Any CPU.Build.0 = Debug|Any CPU
		{77542D59-B757-4601-B21D-6E97DB306568}.Release|Any CPU.ActiveCfg = Release|Any CPU
		{77542D59-B757-4601-B21D-6E97DB306568}.Release|Any CPU.Build.0 = Release|Any CPU
		{BD610E8A-83BE-47D3-927C-4C52F140F2CF}.Debug|Any CPU.ActiveCfg = Debug|Any CPU
		{BD610E8A-83BE-47D3-927C-4C52F140F2CF}.Debug|Any CPU.Build.0 = Debug|Any CPU
		{BD610E8A-83BE-47D3-927C-4C52F140F2CF}.Release|Any CPU.ActiveCfg = Release|Any CPU
		{BD610E8A-83BE-47D3-927C-4C52F140F2CF}.Release|Any CPU.Build.0 = Release|Any CPU
		{3A86BC56-3F76-44C1-BF85-B9AC4F3C749E}.Debug|Any CPU.ActiveCfg = Debug|Any CPU
		{3A86BC56-3F76-44C1-BF85-B9AC4F3C749E}.Debug|Any CPU.Build.0 = Debug|Any CPU
		{3A86BC56-3F76-44C1-BF85-B9AC4F3C749E}.Release|Any CPU.ActiveCfg = Release|Any CPU
		{3A86BC56-3F76-44C1-BF85-B9AC4F3C749E}.Release|Any CPU.Build.0 = Release|Any CPU
		{92DD149E-FDD5-4147-A266-071635E5D23C}.Debug|Any CPU.ActiveCfg = Debug|Any CPU
		{92DD149E-FDD5-4147-A266-071635E5D23C}.Debug|Any CPU.Build.0 = Debug|Any CPU
		{92DD149E-FDD5-4147-A266-071635E5D23C}.Release|Any CPU.ActiveCfg = Release|Any CPU
		{92DD149E-FDD5-4147-A266-071635E5D23C}.Release|Any CPU.Build.0 = Release|Any CPU
		{55FCBDF9-02EE-484A-BE4C-5C646E687809}.Debug|Any CPU.ActiveCfg = Debug|Any CPU
		{55FCBDF9-02EE-484A-BE4C-5C646E687809}.Debug|Any CPU.Build.0 = Debug|Any CPU
		{55FCBDF9-02EE-484A-BE4C-5C646E687809}.Release|Any CPU.ActiveCfg = Release|Any CPU
		{55FCBDF9-02EE-484A-BE4C-5C646E687809}.Release|Any CPU.Build.0 = Release|Any CPU
		{EFE50A30-B8DC-4E99-92DF-15DC00837414}.Debug|Any CPU.ActiveCfg = Debug|Any CPU
		{EFE50A30-B8DC-4E99-92DF-15DC00837414}.Debug|Any CPU.Build.0 = Debug|Any CPU
		{EFE50A30-B8DC-4E99-92DF-15DC00837414}.Release|Any CPU.ActiveCfg = Release|Any CPU
		{EFE50A30-B8DC-4E99-92DF-15DC00837414}.Release|Any CPU.Build.0 = Release|Any CPU
		{89B02205-E028-4E9C-85AD-DD4B0F5F6428}.Debug|Any CPU.ActiveCfg = Debug|Any CPU
		{89B02205-E028-4E9C-85AD-DD4B0F5F6428}.Debug|Any CPU.Build.0 = Debug|Any CPU
		{89B02205-E028-4E9C-85AD-DD4B0F5F6428}.Release|Any CPU.ActiveCfg = Release|Any CPU
		{89B02205-E028-4E9C-85AD-DD4B0F5F6428}.Release|Any CPU.Build.0 = Release|Any CPU
		{236AB755-3E7D-4226-89BC-D3E5B91EEADD}.Debug|Any CPU.ActiveCfg = Debug|Any CPU
		{236AB755-3E7D-4226-89BC-D3E5B91EEADD}.Debug|Any CPU.Build.0 = Debug|Any CPU
		{236AB755-3E7D-4226-89BC-D3E5B91EEADD}.Release|Any CPU.ActiveCfg = Release|Any CPU
		{236AB755-3E7D-4226-89BC-D3E5B91EEADD}.Release|Any CPU.Build.0 = Release|Any CPU
		{BB81181A-AD98-43D3-9F38-8BDE61A3AE5D}.Debug|Any CPU.ActiveCfg = Debug|Any CPU
		{BB81181A-AD98-43D3-9F38-8BDE61A3AE5D}.Debug|Any CPU.Build.0 = Debug|Any CPU
		{BB81181A-AD98-43D3-9F38-8BDE61A3AE5D}.Release|Any CPU.ActiveCfg = Release|Any CPU
		{BB81181A-AD98-43D3-9F38-8BDE61A3AE5D}.Release|Any CPU.Build.0 = Release|Any CPU
		{0E35DCF4-3DAF-4503-BC3F-C18DF539F2CA}.Debug|Any CPU.ActiveCfg = Debug|Any CPU
		{0E35DCF4-3DAF-4503-BC3F-C18DF539F2CA}.Debug|Any CPU.Build.0 = Debug|Any CPU
		{0E35DCF4-3DAF-4503-BC3F-C18DF539F2CA}.Release|Any CPU.ActiveCfg = Release|Any CPU
		{0E35DCF4-3DAF-4503-BC3F-C18DF539F2CA}.Release|Any CPU.Build.0 = Release|Any CPU
		{8B06ED57-4923-46F4-878E-C3F8D985C0E1}.Debug|Any CPU.ActiveCfg = Debug|Any CPU
		{8B06ED57-4923-46F4-878E-C3F8D985C0E1}.Debug|Any CPU.Build.0 = Debug|Any CPU
		{8B06ED57-4923-46F4-878E-C3F8D985C0E1}.Release|Any CPU.ActiveCfg = Release|Any CPU
		{8B06ED57-4923-46F4-878E-C3F8D985C0E1}.Release|Any CPU.Build.0 = Release|Any CPU
		{2BEF89A3-B8C3-46F4-A00B-E2046C09396B}.Debug|Any CPU.ActiveCfg = Debug|Any CPU
		{2BEF89A3-B8C3-46F4-A00B-E2046C09396B}.Debug|Any CPU.Build.0 = Debug|Any CPU
		{2BEF89A3-B8C3-46F4-A00B-E2046C09396B}.Release|Any CPU.ActiveCfg = Release|Any CPU
		{2BEF89A3-B8C3-46F4-A00B-E2046C09396B}.Release|Any CPU.Build.0 = Release|Any CPU
	EndGlobalSection
	GlobalSection(NestedProjects) = preSolution
		{77542D59-B757-4601-B21D-6E97DB306568} = {DD8DC3BF-CDFA-4CF7-AC84-E42947C4AB44}
		{92DD149E-FDD5-4147-A266-071635E5D23C} = {DD8DC3BF-CDFA-4CF7-AC84-E42947C4AB44}
		{EFE50A30-B8DC-4E99-92DF-15DC00837414} = {DD8DC3BF-CDFA-4CF7-AC84-E42947C4AB44}
		{89B02205-E028-4E9C-85AD-DD4B0F5F6428} = {DD8DC3BF-CDFA-4CF7-AC84-E42947C4AB44}
		{BD610E8A-83BE-47D3-927C-4C52F140F2CF} = {4A246EC8-AE04-4DBE-8AFE-E3D6C767C5C4}
		{55FCBDF9-02EE-484A-BE4C-5C646E687809} = {4A246EC8-AE04-4DBE-8AFE-E3D6C767C5C4}
		{717C5E05-E298-4659-A04A-1C1EF608658D} = {4A246EC8-AE04-4DBE-8AFE-E3D6C767C5C4}
		{3A86BC56-3F76-44C1-BF85-B9AC4F3C749E} = {4A246EC8-AE04-4DBE-8AFE-E3D6C767C5C4}
		{1E314140-B686-416A-B456-7DE278910DB9} = {4A246EC8-AE04-4DBE-8AFE-E3D6C767C5C4}
		{BB81181A-AD98-43D3-9F38-8BDE61A3AE5D} = {EC4C1DB9-2120-4C63-A768-DD6DDB1028A7}
		{D61DEABA-0D3C-434C-9EC1-5E56B860CE10} = {4A246EC8-AE04-4DBE-8AFE-E3D6C767C5C4}
		{DD8DC3BF-CDFA-4CF7-AC84-E42947C4AB44} = {4A246EC8-AE04-4DBE-8AFE-E3D6C767C5C4}
		{0E35DCF4-3DAF-4503-BC3F-C18DF539F2CA} = {EC4C1DB9-2120-4C63-A768-DD6DDB1028A7}
		{8B06ED57-4923-46F4-878E-C3F8D985C0E1} = {EC4C1DB9-2120-4C63-A768-DD6DDB1028A7}
		{2BEF89A3-B8C3-46F4-A00B-E2046C09396B} = {EC4C1DB9-2120-4C63-A768-DD6DDB1028A7}
	EndGlobalSection
EndGlobal
